
Microsoft Visual Studio Solution File, Format Version 12.00
# Visual Studio Version 16
VisualStudioVersion = 16.0.30907.101
MinimumVisualStudioVersion = 10.0.40219.1
Project("{9A19103F-16F7-4668-BE54-9A1E7A4F7556}") = "TopLearn.Web", "TopLearn.Web\TopLearn.Web.csproj", "{78C88DD4-A47A-4DF1-8715-58D50A0C3D8F}"
EndProject
Project("{9A19103F-16F7-4668-BE54-9A1E7A4F7556}") = "TopLearn.DataLayer", "TopLearn.DataLayer\TopLearn.DataLayer.csproj", "{7C616715-C51C-43B6-AD6F-D5878EAE4A11}"
EndProject
Project("{9A19103F-16F7-4668-BE54-9A1E7A4F7556}") = "TopLearn.Core", "TopLearn.Core\TopLearn.Core.csproj", "{BE99EC61-949D-4147-92B9-47C78D3E8AFA}"
EndProject
Global
	GlobalSection(SolutionConfigurationPlatforms) = preSolution
		Debug|Any CPU = Debug|Any CPU
		Release|Any CPU = Release|Any CPU
	EndGlobalSection
	GlobalSection(ProjectConfigurationPlatforms) = postSolution
		{78C88DD4-A47A-4DF1-8715-58D50A0C3D8F}.Debug|Any CPU.ActiveCfg = Debug|Any CPU
		{78C88DD4-A47A-4DF1-8715-58D50A0C3D8F}.Debug|Any CPU.Build.0 = Debug|Any CPU
		{78C88DD4-A47A-4DF1-8715-58D50A0C3D8F}.Release|Any CPU.ActiveCfg = Release|Any CPU
		{78C88DD4-A47A-4DF1-8715-58D50A0C3D8F}.Release|Any CPU.Build.0 = Release|Any CPU
		{7C616715-C51C-43B6-AD6F-D5878EAE4A11}.Debug|Any CPU.ActiveCfg = Debug|Any CPU
		{7C616715-C51C-43B6-AD6F-D5878EAE4A11}.Debug|Any CPU.Build.0 = Debug|Any CPU
		{7C616715-C51C-43B6-AD6F-D5878EAE4A11}.Release|Any CPU.ActiveCfg = Release|Any CPU
		{7C616715-C51C-43B6-AD6F-D5878EAE4A11}.Release|Any CPU.Build.0 = Release|Any CPU
		{BE99EC61-949D-4147-92B9-47C78D3E8AFA}.Debug|Any CPU.ActiveCfg = Debug|Any CPU
		{BE99EC61-949D-4147-92B9-47C78D3E8AFA}.Debug|Any CPU.Build.0 = Debug|Any CPU
		{BE99EC61-949D-4147-92B9-47C78D3E8AFA}.Release|Any CPU.ActiveCfg = Release|Any CPU
		{BE99EC61-949D-4147-92B9-47C78D3E8AFA}.Release|Any CPU.Build.0 = Release|Any CPU
	EndGlobalSection
	GlobalSection(SolutionProperties) = preSolution
		HideSolutionNode = FALSE
	EndGlobalSection
	GlobalSection(ExtensibilityGlobals) = postSolution
		SolutionGuid = {75B13A60-8903-4378-8A6E-B4FC459FC671}
	EndGlobalSection
EndGlobal
